
Microsoft Visual Studio Solution File, Format Version 12.00
# Visual Studio Version 16
VisualStudioVersion = 16.0.29025.244
MinimumVisualStudioVersion = 10.0.40219.1
Project("{FAE04EC0-301F-11D3-BF4B-00C04F79EFBC}") = "Bonus17", "Bonus17\Bonus17.csproj", "{9C0791EE-E3D1-48FA-9684-8C1CE31C16E7}"
EndProject
Global
	GlobalSection(SolutionConfigurationPlatforms) = preSolution
		Debug|Any CPU = Debug|Any CPU
		Release|Any CPU = Release|Any CPU
	EndGlobalSection
	GlobalSection(ProjectConfigurationPlatforms) = postSolution
		{9C0791EE-E3D1-48FA-9684-8C1CE31C16E7}.Debug|Any CPU.ActiveCfg = Debug|Any CPU
		{9C0791EE-E3D1-48FA-9684-8C1CE31C16E7}.Debug|Any CPU.Build.0 = Debug|Any CPU
		{9C0791EE-E3D1-48FA-9684-8C1CE31C16E7}.Release|Any CPU.ActiveCfg = Release|Any CPU
		{9C0791EE-E3D1-48FA-9684-8C1CE31C16E7}.Release|Any CPU.Build.0 = Release|Any CPU
	EndGlobalSection
	GlobalSection(SolutionProperties) = preSolution
		HideSolutionNode = FALSE
	EndGlobalSection
	GlobalSection(ExtensibilityGlobals) = postSolution
		SolutionGuid = {589D5FBB-EC68-4503-B1BB-7DC6A5A6FBE4}
	EndGlobalSection
EndGlobal
